
Microsoft Visual Studio Solution File, Format Version 12.00
# Visual Studio 15
VisualStudioVersion = 15.0.26430.13
MinimumVisualStudioVersion = 10.0.40219.1
Project("{FAE04EC0-301F-11D3-BF4B-00C04F79EFBC}") = "이학성_가위바위보", "이학성_가위바위보\이학성_가위바위보.csproj", "{F7B8F643-995C-4F3D-AA78-9D70210E66CA}"
EndProject
Global
	GlobalSection(SolutionConfigurationPlatforms) = preSolution
		Debug|Any CPU = Debug|Any CPU
		Release|Any CPU = Release|Any CPU
	EndGlobalSection
	GlobalSection(ProjectConfigurationPlatforms) = postSolution
		{F7B8F643-995C-4F3D-AA78-9D70210E66CA}.Debug|Any CPU.ActiveCfg = Debug|Any CPU
		{F7B8F643-995C-4F3D-AA78-9D70210E66CA}.Debug|Any CPU.Build.0 = Debug|Any CPU
		{F7B8F643-995C-4F3D-AA78-9D70210E66CA}.Release|Any CPU.ActiveCfg = Release|Any CPU
		{F7B8F643-995C-4F3D-AA78-9D70210E66CA}.Release|Any CPU.Build.0 = Release|Any CPU
	EndGlobalSection
	GlobalSection(SolutionProperties) = preSolution
		HideSolutionNode = FALSE
	EndGlobalSection
EndGlobal
