
Microsoft Visual Studio Solution File, Format Version 12.00
# Visual Studio Version 16
VisualStudioVersion = 16.0.29905.134
MinimumVisualStudioVersion = 10.0.40219.1
Project("{FAE04EC0-301F-11D3-BF4B-00C04F79EFBC}") = "Galaga_assign", "Galaga_assign.csproj", "{8597F88D-41F5-4E2C-93EE-39502B508329}"
EndProject
Global
	GlobalSection(SolutionConfigurationPlatforms) = preSolution
		Debug|Any CPU = Debug|Any CPU
		Release|Any CPU = Release|Any CPU
	EndGlobalSection
	GlobalSection(ProjectConfigurationPlatforms) = postSolution
		{8597F88D-41F5-4E2C-93EE-39502B508329}.Debug|Any CPU.ActiveCfg = Debug|Any CPU
		{8597F88D-41F5-4E2C-93EE-39502B508329}.Debug|Any CPU.Build.0 = Debug|Any CPU
		{8597F88D-41F5-4E2C-93EE-39502B508329}.Release|Any CPU.ActiveCfg = Release|Any CPU
		{8597F88D-41F5-4E2C-93EE-39502B508329}.Release|Any CPU.Build.0 = Release|Any CPU
	EndGlobalSection
	GlobalSection(SolutionProperties) = preSolution
		HideSolutionNode = FALSE
	EndGlobalSection
	GlobalSection(ExtensibilityGlobals) = postSolution
		SolutionGuid = {9C96B605-1AD7-492B-97F6-280E836FF0E2}
	EndGlobalSection
EndGlobal
